
Microsoft Visual Studio Solution File, Format Version 12.00
# Visual Studio 15
VisualStudioVersion = 15.0.26730.12
MinimumVisualStudioVersion = 10.0.40219.1
Project("{FAE04EC0-301F-11D3-BF4B-00C04F79EFBC}") = "Converter", "Converter\Converter.csproj", "{FD9898FC-5584-40C3-A822-382505463CEA}"
EndProject
Global
	GlobalSection(SolutionConfigurationPlatforms) = preSolution
		Debug|Any CPU = Debug|Any CPU
		Release|Any CPU = Release|Any CPU
	EndGlobalSection
	GlobalSection(ProjectConfigurationPlatforms) = postSolution
		{FD9898FC-5584-40C3-A822-382505463CEA}.Debug|Any CPU.ActiveCfg = Debug|Any CPU
		{FD9898FC-5584-40C3-A822-382505463CEA}.Debug|Any CPU.Build.0 = Debug|Any CPU
		{FD9898FC-5584-40C3-A822-382505463CEA}.Release|Any CPU.ActiveCfg = Release|Any CPU
		{FD9898FC-5584-40C3-A822-382505463CEA}.Release|Any CPU.Build.0 = Release|Any CPU
	EndGlobalSection
	GlobalSection(SolutionProperties) = preSolution
		HideSolutionNode = FALSE
	EndGlobalSection
	GlobalSection(ExtensibilityGlobals) = postSolution
		SolutionGuid = {E42ED3BB-BEA8-4CCE-8670-533B9EBCDE29}
	EndGlobalSection
	GlobalSection(SubversionScc) = preSolution
		Svn-Managed = True
		Manager = AnkhSVN - Subversion Support for Visual Studio
	EndGlobalSection
EndGlobal
